
Microsoft Visual Studio Solution File, Format Version 12.00
# Visual Studio Version 17
VisualStudioVersion = 17.0.31912.275
MinimumVisualStudioVersion = 10.0.40219.1
Project("{9A19103F-16F7-4668-BE54-9A1E7A4F7556}") = "CSharp9Tests", "CSharp9\CSharp9Tests\CSharp9Tests.csproj", "{7742AAB0-E2D1-4165-A820-BAC38E717FE7}"
EndProject
Project("{2150E333-8FDC-42A3-9474-1A3956D46DE8}") = "CSharp09", "CSharp09", "{68050CFA-21C6-48D9-8955-129CC3D3EFE8}"
EndProject
Project("{9A19103F-16F7-4668-BE54-9A1E7A4F7556}") = "HotReload", "CSharp9\HotReload\HotReload.csproj", "{CE6B060F-B6A1-4F09-BED4-6F7EF0FC2718}"
EndProject
Project("{9A19103F-16F7-4668-BE54-9A1E7A4F7556}") = "ModuleInitializers", "CSharp9\ModuleInitializers\ModuleInitializers.csproj", "{A03BFC0D-F17C-46D4-AB89-9BFF44951E48}"
EndProject
Project("{9A19103F-16F7-4668-BE54-9A1E7A4F7556}") = "SourceGenerator", "CSharp9\SourceGenerator\SourceGenerator.csproj", "{6CE25A57-D4B0-4AF3-B505-4BA53B6C020F}"
EndProject
Project("{9A19103F-16F7-4668-BE54-9A1E7A4F7556}") = "SourceGeneratorUsage", "CSharp9\SourceGeneratorUsage\SourceGeneratorUsage.csproj", "{162F4FB3-3374-49C9-A201-6B5C057A0572}"
EndProject
Project("{9A19103F-16F7-4668-BE54-9A1E7A4F7556}") = "TopLevelStatements", "CSharp9\TopLevelStatements\TopLevelStatements.csproj", "{D7A226D9-3C86-4DC0-8F84-F01DD9CAC401}"
EndProject
Project("{2150E333-8FDC-42A3-9474-1A3956D46DE8}") = "CSharp10", "CSharp10", "{6BE0AAEA-738E-4935-BC0E-E224B488183E}"
EndProject
Project("{9A19103F-16F7-4668-BE54-9A1E7A4F7556}") = "File-Scoped Namespace", "CSharp10\File-Scoped Namespace\File-Scoped Namespace.csproj", "{671626E0-22CE-4F47-8F83-70471F730539}"
EndProject
Project("{9A19103F-16F7-4668-BE54-9A1E7A4F7556}") = "Extended Property Patterns", "CSharp10\Extended Property Patterns\Extended Property Patterns.csproj", "{958E6761-9960-486B-8201-74050AC6615B}"
EndProject
Project("{9A19103F-16F7-4668-BE54-9A1E7A4F7556}") = "Constant Interpolated Strings", "CSharp10\Constant Interpolated Strings\Constant Interpolated Strings.csproj", "{2344B1A6-9704-4D4B-A059-8F73CEC044FB}"
EndProject
Project("{9A19103F-16F7-4668-BE54-9A1E7A4F7556}") = "Records", "CSharp10\Records\Records.csproj", "{2AD2E7DE-19E8-4A69-9D24-BF2A1C8C2E82}"
EndProject
Project("{9A19103F-16F7-4668-BE54-9A1E7A4F7556}") = "Global Using Directive", "CSharp10\Global Using Directive\Global Using Directive.csproj", "{4EBE2C9D-FC66-4721-9E50-1615F45CEB27}"
EndProject
Project("{9A19103F-16F7-4668-BE54-9A1E7A4F7556}") = "Structure Types", "CSharp10\Structure Type\Structure Types.csproj", "{428ED2AC-AC59-4800-8F1C-DF617FF3E75C}"
EndProject
Project("{2150E333-8FDC-42A3-9474-1A3956D46DE8}") = "CSharp11", "CSharp11", "{5B7BF3C5-0453-44DB-AF2B-F159462E3C34}"
EndProject
Project("{2150E333-8FDC-42A3-9474-1A3956D46DE8}") = "src", "src", "{DDE7FA0A-933C-4F39-91D6-A1B7B9F5EAA5}"
EndProject
Global
	GlobalSection(SolutionConfigurationPlatforms) = preSolution
		Debug|Any CPU = Debug|Any CPU
		Release|Any CPU = Release|Any CPU
	EndGlobalSection
	GlobalSection(ProjectConfigurationPlatforms) = postSolution
		{7742AAB0-E2D1-4165-A820-BAC38E717FE7}.Debug|Any CPU.ActiveCfg = Debug|Any CPU
		{7742AAB0-E2D1-4165-A820-BAC38E717FE7}.Debug|Any CPU.Build.0 = Debug|Any CPU
		{7742AAB0-E2D1-4165-A820-BAC38E717FE7}.Release|Any CPU.ActiveCfg = Release|Any CPU
		{7742AAB0-E2D1-4165-A820-BAC38E717FE7}.Release|Any CPU.Build.0 = Release|Any CPU
		{CE6B060F-B6A1-4F09-BED4-6F7EF0FC2718}.Debug|Any CPU.ActiveCfg = Debug|Any CPU
		{CE6B060F-B6A1-4F09-BED4-6F7EF0FC2718}.Debug|Any CPU.Build.0 = Debug|Any CPU
		{CE6B060F-B6A1-4F09-BED4-6F7EF0FC2718}.Release|Any CPU.ActiveCfg = Release|Any CPU
		{CE6B060F-B6A1-4F09-BED4-6F7EF0FC2718}.Release|Any CPU.Build.0 = Release|Any CPU
		{A03BFC0D-F17C-46D4-AB89-9BFF44951E48}.Debug|Any CPU.ActiveCfg = Debug|Any CPU
		{A03BFC0D-F17C-46D4-AB89-9BFF44951E48}.Debug|Any CPU.Build.0 = Debug|Any CPU
		{A03BFC0D-F17C-46D4-AB89-9BFF44951E48}.Release|Any CPU.ActiveCfg = Release|Any CPU
		{A03BFC0D-F17C-46D4-AB89-9BFF44951E48}.Release|Any CPU.Build.0 = Release|Any CPU
		{6CE25A57-D4B0-4AF3-B505-4BA53B6C020F}.Debug|Any CPU.ActiveCfg = Debug|Any CPU
		{6CE25A57-D4B0-4AF3-B505-4BA53B6C020F}.Debug|Any CPU.Build.0 = Debug|Any CPU
		{6CE25A57-D4B0-4AF3-B505-4BA53B6C020F}.Release|Any CPU.ActiveCfg = Release|Any CPU
		{6CE25A57-D4B0-4AF3-B505-4BA53B6C020F}.Release|Any CPU.Build.0 = Release|Any CPU
		{162F4FB3-3374-49C9-A201-6B5C057A0572}.Debug|Any CPU.ActiveCfg = Debug|Any CPU
		{162F4FB3-3374-49C9-A201-6B5C057A0572}.Debug|Any CPU.Build.0 = Debug|Any CPU
		{162F4FB3-3374-49C9-A201-6B5C057A0572}.Release|Any CPU.ActiveCfg = Release|Any CPU
		{162F4FB3-3374-49C9-A201-6B5C057A0572}.Release|Any CPU.Build.0 = Release|Any CPU
		{D7A226D9-3C86-4DC0-8F84-F01DD9CAC401}.Debug|Any CPU.ActiveCfg = Debug|Any CPU
		{D7A226D9-3C86-4DC0-8F84-F01DD9CAC401}.Debug|Any CPU.Build.0 = Debug|Any CPU
		{D7A226D9-3C86-4DC0-8F84-F01DD9CAC401}.Release|Any CPU.ActiveCfg = Release|Any CPU
		{D7A226D9-3C86-4DC0-8F84-F01DD9CAC401}.Release|Any CPU.Build.0 = Release|Any CPU
		{671626E0-22CE-4F47-8F83-70471F730539}.Debug|Any CPU.ActiveCfg = Debug|Any CPU
		{671626E0-22CE-4F47-8F83-70471F730539}.Debug|Any CPU.Build.0 = Debug|Any CPU
		{671626E0-22CE-4F47-8F83-70471F730539}.Release|Any CPU.ActiveCfg = Release|Any CPU
		{671626E0-22CE-4F47-8F83-70471F730539}.Release|Any CPU.Build.0 = Release|Any CPU
		{958E6761-9960-486B-8201-74050AC6615B}.Debug|Any CPU.ActiveCfg = Debug|Any CPU
		{958E6761-9960-486B-8201-74050AC6615B}.Debug|Any CPU.Build.0 = Debug|Any CPU
		{958E6761-9960-486B-8201-74050AC6615B}.Release|Any CPU.ActiveCfg = Release|Any CPU
		{958E6761-9960-486B-8201-74050AC6615B}.Release|Any CPU.Build.0 = Release|Any CPU
		{2344B1A6-9704-4D4B-A059-8F73CEC044FB}.Debug|Any CPU.ActiveCfg = Debug|Any CPU
		{2344B1A6-9704-4D4B-A059-8F73CEC044FB}.Debug|Any CPU.Build.0 = Debug|Any CPU
		{2344B1A6-9704-4D4B-A059-8F73CEC044FB}.Release|Any CPU.ActiveCfg = Release|Any CPU
		{2344B1A6-9704-4D4B-A059-8F73CEC044FB}.Release|Any CPU.Build.0 = Release|Any CPU
		{2AD2E7DE-19E8-4A69-9D24-BF2A1C8C2E82}.Debug|Any CPU.ActiveCfg = Debug|Any CPU
		{2AD2E7DE-19E8-4A69-9D24-BF2A1C8C2E82}.Debug|Any CPU.Build.0 = Debug|Any CPU
		{2AD2E7DE-19E8-4A69-9D24-BF2A1C8C2E82}.Release|Any CPU.ActiveCfg = Release|Any CPU
		{2AD2E7DE-19E8-4A69-9D24-BF2A1C8C2E82}.Release|Any CPU.Build.0 = Release|Any CPU
		{4EBE2C9D-FC66-4721-9E50-1615F45CEB27}.Debug|Any CPU.ActiveCfg = Debug|Any CPU
		{4EBE2C9D-FC66-4721-9E50-1615F45CEB27}.Debug|Any CPU.Build.0 = Debug|Any CPU
		{4EBE2C9D-FC66-4721-9E50-1615F45CEB27}.Release|Any CPU.ActiveCfg = Release|Any CPU
		{4EBE2C9D-FC66-4721-9E50-1615F45CEB27}.Release|Any CPU.Build.0 = Release|Any CPU
		{428ED2AC-AC59-4800-8F1C-DF617FF3E75C}.Debug|Any CPU.ActiveCfg = Debug|Any CPU
		{428ED2AC-AC59-4800-8F1C-DF617FF3E75C}.Debug|Any CPU.Build.0 = Debug|Any CPU
		{428ED2AC-AC59-4800-8F1C-DF617FF3E75C}.Release|Any CPU.ActiveCfg = Release|Any CPU
		{428ED2AC-AC59-4800-8F1C-DF617FF3E75C}.Release|Any CPU.Build.0 = Release|Any CPU
	EndGlobalSection
	GlobalSection(SolutionProperties) = preSolution
		HideSolutionNode = FALSE
	EndGlobalSection
	GlobalSection(NestedProjects) = preSolution
		{7742AAB0-E2D1-4165-A820-BAC38E717FE7} = {68050CFA-21C6-48D9-8955-129CC3D3EFE8}
		{68050CFA-21C6-48D9-8955-129CC3D3EFE8} = {DDE7FA0A-933C-4F39-91D6-A1B7B9F5EAA5}
		{CE6B060F-B6A1-4F09-BED4-6F7EF0FC2718} = {68050CFA-21C6-48D9-8955-129CC3D3EFE8}
		{A03BFC0D-F17C-46D4-AB89-9BFF44951E48} = {68050CFA-21C6-48D9-8955-129CC3D3EFE8}
		{6CE25A57-D4B0-4AF3-B505-4BA53B6C020F} = {68050CFA-21C6-48D9-8955-129CC3D3EFE8}
		{162F4FB3-3374-49C9-A201-6B5C057A0572} = {68050CFA-21C6-48D9-8955-129CC3D3EFE8}
		{D7A226D9-3C86-4DC0-8F84-F01DD9CAC401} = {68050CFA-21C6-48D9-8955-129CC3D3EFE8}
		{6BE0AAEA-738E-4935-BC0E-E224B488183E} = {DDE7FA0A-933C-4F39-91D6-A1B7B9F5EAA5}
		{671626E0-22CE-4F47-8F83-70471F730539} = {6BE0AAEA-738E-4935-BC0E-E224B488183E}
		{958E6761-9960-486B-8201-74050AC6615B} = {6BE0AAEA-738E-4935-BC0E-E224B488183E}
		{2344B1A6-9704-4D4B-A059-8F73CEC044FB} = {6BE0AAEA-738E-4935-BC0E-E224B488183E}
		{2AD2E7DE-19E8-4A69-9D24-BF2A1C8C2E82} = {6BE0AAEA-738E-4935-BC0E-E224B488183E}
		{4EBE2C9D-FC66-4721-9E50-1615F45CEB27} = {6BE0AAEA-738E-4935-BC0E-E224B488183E}
		{428ED2AC-AC59-4800-8F1C-DF617FF3E75C} = {6BE0AAEA-738E-4935-BC0E-E224B488183E}
		{5B7BF3C5-0453-44DB-AF2B-F159462E3C34} = {DDE7FA0A-933C-4F39-91D6-A1B7B9F5EAA5}
	EndGlobalSection
	GlobalSection(ExtensibilityGlobals) = postSolution
		SolutionGuid = {F7F063AB-1F18-46F4-9498-8248BF9E4DAD}
	EndGlobalSection
EndGlobal
